
Microsoft Visual Studio Solution File, Format Version 12.00
# Visual Studio 14
VisualStudioVersion = 14.0.23107.0
MinimumVisualStudioVersion = 10.0.40219.1
Project("{FAE04EC0-301F-11D3-BF4B-00C04F79EFBC}") = "Reflection2", "Reflection2\Reflection2.csproj", "{7CC421BD-FBCA-45C4-B6A4-F2A6D5DBC76A}"
EndProject
Global
	GlobalSection(SolutionConfigurationPlatforms) = preSolution
		Debug|Any CPU = Debug|Any CPU
		Release|Any CPU = Release|Any CPU
	EndGlobalSection
	GlobalSection(ProjectConfigurationPlatforms) = postSolution
		{7CC421BD-FBCA-45C4-B6A4-F2A6D5DBC76A}.Debug|Any CPU.ActiveCfg = Debug|Any CPU
		{7CC421BD-FBCA-45C4-B6A4-F2A6D5DBC76A}.Debug|Any CPU.Build.0 = Debug|Any CPU
		{7CC421BD-FBCA-45C4-B6A4-F2A6D5DBC76A}.Release|Any CPU.ActiveCfg = Release|Any CPU
		{7CC421BD-FBCA-45C4-B6A4-F2A6D5DBC76A}.Release|Any CPU.Build.0 = Release|Any CPU
	EndGlobalSection
	GlobalSection(SolutionProperties) = preSolution
		HideSolutionNode = FALSE
	EndGlobalSection
EndGlobal
